
Microsoft Visual Studio Solution File, Format Version 12.00
# Visual Studio Version 16
VisualStudioVersion = 16.0.31424.327
MinimumVisualStudioVersion = 10.0.40219.1
Project("{FAE04EC0-301F-11D3-BF4B-00C04F79EFBC}") = "IntentProject", "IntentProject\IntentProject.csproj", "{83A14C9F-D45E-4110-B588-DDE9357A2318}"
EndProject
Global
	GlobalSection(SolutionConfigurationPlatforms) = preSolution
		Debug|Any CPU = Debug|Any CPU
		Release|Any CPU = Release|Any CPU
	EndGlobalSection
	GlobalSection(ProjectConfigurationPlatforms) = postSolution
		{83A14C9F-D45E-4110-B588-DDE9357A2318}.Debug|Any CPU.ActiveCfg = Debug|Any CPU
		{83A14C9F-D45E-4110-B588-DDE9357A2318}.Debug|Any CPU.Build.0 = Debug|Any CPU
		{83A14C9F-D45E-4110-B588-DDE9357A2318}.Debug|Any CPU.Deploy.0 = Debug|Any CPU
		{83A14C9F-D45E-4110-B588-DDE9357A2318}.Release|Any CPU.ActiveCfg = Release|Any CPU
		{83A14C9F-D45E-4110-B588-DDE9357A2318}.Release|Any CPU.Build.0 = Release|Any CPU
		{83A14C9F-D45E-4110-B588-DDE9357A2318}.Release|Any CPU.Deploy.0 = Release|Any CPU
	EndGlobalSection
	GlobalSection(SolutionProperties) = preSolution
		HideSolutionNode = FALSE
	EndGlobalSection
	GlobalSection(ExtensibilityGlobals) = postSolution
		SolutionGuid = {08D1CB96-B272-4B96-8404-41230FBFF158}
	EndGlobalSection
EndGlobal
